
Microsoft Visual Studio Solution File, Format Version 12.00
# Visual Studio Version 16
VisualStudioVersion = 16.0.28729.10
MinimumVisualStudioVersion = 10.0.40219.1
Project("{FAE04EC0-301F-11D3-BF4B-00C04F79EFBC}") = "MyTests", "Stage1\MyTests.csproj", "{FBC77EAC-5565-4BB3-8EFE-2648F0AE5787}"
EndProject
Project("{9A19103F-16F7-4668-BE54-9A1E7A4F7556}") = "MyLinqConsoleProject", "MyLinqConsoleProject\MyLinqConsoleProject.csproj", "{D72FF0EE-5F36-46DF-A9EB-38A9F830075A}"
EndProject
Project("{9A19103F-16F7-4668-BE54-9A1E7A4F7556}") = "MyListDictionaryProject", "MyListDictionaryProject\MyListDictionaryProject.csproj", "{FA1A9083-5F47-4F37-BC5F-8A61326DE148}"
EndProject
Project("{9A19103F-16F7-4668-BE54-9A1E7A4F7556}") = "MyReflectionProject", "MyReflectionProject\MyReflectionProject.csproj", "{D5ECE54B-707C-4CE4-8878-3DB5B314DED4}"
EndProject
Project("{9A19103F-16F7-4668-BE54-9A1E7A4F7556}") = "MyThredingProject", "MyThredingProject\MyThredingProject.csproj", "{DA0DC2DD-F642-4E02-8C58-6EA5F8F045D3}"
EndProject
Global
	GlobalSection(SolutionConfigurationPlatforms) = preSolution
		Debug|Any CPU = Debug|Any CPU
		Release|Any CPU = Release|Any CPU
	EndGlobalSection
	GlobalSection(ProjectConfigurationPlatforms) = postSolution
		{FBC77EAC-5565-4BB3-8EFE-2648F0AE5787}.Debug|Any CPU.ActiveCfg = Debug|Any CPU
		{FBC77EAC-5565-4BB3-8EFE-2648F0AE5787}.Debug|Any CPU.Build.0 = Debug|Any CPU
		{FBC77EAC-5565-4BB3-8EFE-2648F0AE5787}.Release|Any CPU.ActiveCfg = Release|Any CPU
		{FBC77EAC-5565-4BB3-8EFE-2648F0AE5787}.Release|Any CPU.Build.0 = Release|Any CPU
		{D72FF0EE-5F36-46DF-A9EB-38A9F830075A}.Debug|Any CPU.ActiveCfg = Debug|Any CPU
		{D72FF0EE-5F36-46DF-A9EB-38A9F830075A}.Debug|Any CPU.Build.0 = Debug|Any CPU
		{D72FF0EE-5F36-46DF-A9EB-38A9F830075A}.Release|Any CPU.ActiveCfg = Release|Any CPU
		{D72FF0EE-5F36-46DF-A9EB-38A9F830075A}.Release|Any CPU.Build.0 = Release|Any CPU
		{FA1A9083-5F47-4F37-BC5F-8A61326DE148}.Debug|Any CPU.ActiveCfg = Debug|Any CPU
		{FA1A9083-5F47-4F37-BC5F-8A61326DE148}.Debug|Any CPU.Build.0 = Debug|Any CPU
		{FA1A9083-5F47-4F37-BC5F-8A61326DE148}.Release|Any CPU.ActiveCfg = Release|Any CPU
		{FA1A9083-5F47-4F37-BC5F-8A61326DE148}.Release|Any CPU.Build.0 = Release|Any CPU
		{D5ECE54B-707C-4CE4-8878-3DB5B314DED4}.Debug|Any CPU.ActiveCfg = Debug|Any CPU
		{D5ECE54B-707C-4CE4-8878-3DB5B314DED4}.Debug|Any CPU.Build.0 = Debug|Any CPU
		{D5ECE54B-707C-4CE4-8878-3DB5B314DED4}.Release|Any CPU.ActiveCfg = Release|Any CPU
		{D5ECE54B-707C-4CE4-8878-3DB5B314DED4}.Release|Any CPU.Build.0 = Release|Any CPU
		{DA0DC2DD-F642-4E02-8C58-6EA5F8F045D3}.Debug|Any CPU.ActiveCfg = Debug|Any CPU
		{DA0DC2DD-F642-4E02-8C58-6EA5F8F045D3}.Debug|Any CPU.Build.0 = Debug|Any CPU
		{DA0DC2DD-F642-4E02-8C58-6EA5F8F045D3}.Release|Any CPU.ActiveCfg = Release|Any CPU
		{DA0DC2DD-F642-4E02-8C58-6EA5F8F045D3}.Release|Any CPU.Build.0 = Release|Any CPU
	EndGlobalSection
	GlobalSection(SolutionProperties) = preSolution
		HideSolutionNode = FALSE
	EndGlobalSection
	GlobalSection(ExtensibilityGlobals) = postSolution
		SolutionGuid = {1930410F-398A-42F7-B075-F00AE8A1B7CF}
	EndGlobalSection
EndGlobal
