
Microsoft Visual Studio Solution File, Format Version 12.00
# Visual Studio Version 16
VisualStudioVersion = 16.0.28729.10
MinimumVisualStudioVersion = 10.0.40219.1
Project("{FAE04EC0-301F-11D3-BF4B-00C04F79EFBC}") = "MyTests", "Stage1\MyTests.csproj", "{FBC77EAC-5565-4BB3-8EFE-2648F0AE5787}"
EndProject
Project("{9A19103F-16F7-4668-BE54-9A1E7A4F7556}") = "MyLinqConsoleProject", "MyLinqConsoleProject\MyLinqConsoleProject.csproj", "{D72FF0EE-5F36-46DF-A9EB-38A9F830075A}"
EndProject
Project("{9A19103F-16F7-4668-BE54-9A1E7A4F7556}") = "MyListDictionaryProject", "MyListDictionaryProject\MyListDictionaryProject.csproj", "{FA1A9083-5F47-4F37-BC5F-8A61326DE148}"
EndProject
Project("{9A19103F-16F7-4668-BE54-9A1E7A4F7556}") = "MyReflectionProject", "MyReflectionProject\MyReflectionProject.csproj", "{D5ECE54B-707C-4CE4-8878-3DB5B314DED4}"
EndProject
Project("{9A19103F-16F7-4668-BE54-9A1E7A4F7556}") = "MyEventProject", "MyEventProject\MyEventProject.csproj", "{2D52AD09-982B-4987-8965-A75F50DF754F}"
EndProject
Project("{9A19103F-16F7-4668-BE54-9A1E7A4F7556}") = "MyThredingProject", "MyThredingProject\MyThredingProject.csproj", "{5B6B41BB-2108-4EF2-BEE9-932B6E9137F8}"
EndProject
Project("{9A19103F-16F7-4668-BE54-9A1E7A4F7556}") = "AverageArray", "AverageArray\AverageArray.csproj", "{9724AFE6-0DE5-4341-8326-C33D90CB9BF6}"
EndProject
Project("{FAE04EC0-301F-11D3-BF4B-00C04F79EFBC}") = "MyLinkedList", "MyLinkedList\MyLinkedList.csproj", "{5443CA6A-0B7A-4CEE-A0F8-CDC05E34F11B}"
EndProject
Project("{FAE04EC0-301F-11D3-BF4B-00C04F79EFBC}") = "DeepCopy", "DeepCopy\DeepCopy.csproj", "{59912A17-8465-44B3-9862-1DAC867E3CFD}"
EndProject
Global
	GlobalSection(SolutionConfigurationPlatforms) = preSolution
		Debug|Any CPU = Debug|Any CPU
		Release|Any CPU = Release|Any CPU
	EndGlobalSection
	GlobalSection(ProjectConfigurationPlatforms) = postSolution
		{FBC77EAC-5565-4BB3-8EFE-2648F0AE5787}.Debug|Any CPU.ActiveCfg = Debug|Any CPU
		{FBC77EAC-5565-4BB3-8EFE-2648F0AE5787}.Debug|Any CPU.Build.0 = Debug|Any CPU
		{FBC77EAC-5565-4BB3-8EFE-2648F0AE5787}.Release|Any CPU.ActiveCfg = Release|Any CPU
		{FBC77EAC-5565-4BB3-8EFE-2648F0AE5787}.Release|Any CPU.Build.0 = Release|Any CPU
		{D72FF0EE-5F36-46DF-A9EB-38A9F830075A}.Debug|Any CPU.ActiveCfg = Debug|Any CPU
		{D72FF0EE-5F36-46DF-A9EB-38A9F830075A}.Debug|Any CPU.Build.0 = Debug|Any CPU
		{D72FF0EE-5F36-46DF-A9EB-38A9F830075A}.Release|Any CPU.ActiveCfg = Release|Any CPU
		{D72FF0EE-5F36-46DF-A9EB-38A9F830075A}.Release|Any CPU.Build.0 = Release|Any CPU
		{FA1A9083-5F47-4F37-BC5F-8A61326DE148}.Debug|Any CPU.ActiveCfg = Debug|Any CPU
		{FA1A9083-5F47-4F37-BC5F-8A61326DE148}.Debug|Any CPU.Build.0 = Debug|Any CPU
		{FA1A9083-5F47-4F37-BC5F-8A61326DE148}.Release|Any CPU.ActiveCfg = Release|Any CPU
		{FA1A9083-5F47-4F37-BC5F-8A61326DE148}.Release|Any CPU.Build.0 = Release|Any CPU
		{D5ECE54B-707C-4CE4-8878-3DB5B314DED4}.Debug|Any CPU.ActiveCfg = Debug|Any CPU
		{D5ECE54B-707C-4CE4-8878-3DB5B314DED4}.Debug|Any CPU.Build.0 = Debug|Any CPU
		{D5ECE54B-707C-4CE4-8878-3DB5B314DED4}.Release|Any CPU.ActiveCfg = Release|Any CPU
		{D5ECE54B-707C-4CE4-8878-3DB5B314DED4}.Release|Any CPU.Build.0 = Release|Any CPU
		{2D52AD09-982B-4987-8965-A75F50DF754F}.Debug|Any CPU.ActiveCfg = Debug|Any CPU
		{2D52AD09-982B-4987-8965-A75F50DF754F}.Debug|Any CPU.Build.0 = Debug|Any CPU
		{2D52AD09-982B-4987-8965-A75F50DF754F}.Release|Any CPU.ActiveCfg = Release|Any CPU
		{2D52AD09-982B-4987-8965-A75F50DF754F}.Release|Any CPU.Build.0 = Release|Any CPU
		{5B6B41BB-2108-4EF2-BEE9-932B6E9137F8}.Debug|Any CPU.ActiveCfg = Debug|Any CPU
		{5B6B41BB-2108-4EF2-BEE9-932B6E9137F8}.Debug|Any CPU.Build.0 = Debug|Any CPU
		{5B6B41BB-2108-4EF2-BEE9-932B6E9137F8}.Release|Any CPU.ActiveCfg = Release|Any CPU
		{5B6B41BB-2108-4EF2-BEE9-932B6E9137F8}.Release|Any CPU.Build.0 = Release|Any CPU
		{9724AFE6-0DE5-4341-8326-C33D90CB9BF6}.Debug|Any CPU.ActiveCfg = Debug|Any CPU
		{9724AFE6-0DE5-4341-8326-C33D90CB9BF6}.Debug|Any CPU.Build.0 = Debug|Any CPU
		{9724AFE6-0DE5-4341-8326-C33D90CB9BF6}.Release|Any CPU.ActiveCfg = Release|Any CPU
		{9724AFE6-0DE5-4341-8326-C33D90CB9BF6}.Release|Any CPU.Build.0 = Release|Any CPU
		{5443CA6A-0B7A-4CEE-A0F8-CDC05E34F11B}.Debug|Any CPU.ActiveCfg = Debug|Any CPU
		{5443CA6A-0B7A-4CEE-A0F8-CDC05E34F11B}.Debug|Any CPU.Build.0 = Debug|Any CPU
		{5443CA6A-0B7A-4CEE-A0F8-CDC05E34F11B}.Release|Any CPU.ActiveCfg = Release|Any CPU
		{5443CA6A-0B7A-4CEE-A0F8-CDC05E34F11B}.Release|Any CPU.Build.0 = Release|Any CPU
		{59912A17-8465-44B3-9862-1DAC867E3CFD}.Debug|Any CPU.ActiveCfg = Debug|Any CPU
		{59912A17-8465-44B3-9862-1DAC867E3CFD}.Debug|Any CPU.Build.0 = Debug|Any CPU
		{59912A17-8465-44B3-9862-1DAC867E3CFD}.Release|Any CPU.ActiveCfg = Release|Any CPU
		{59912A17-8465-44B3-9862-1DAC867E3CFD}.Release|Any CPU.Build.0 = Release|Any CPU
	EndGlobalSection
	GlobalSection(SolutionProperties) = preSolution
		HideSolutionNode = FALSE
	EndGlobalSection
	GlobalSection(ExtensibilityGlobals) = postSolution
		SolutionGuid = {1930410F-398A-42F7-B075-F00AE8A1B7CF}
	EndGlobalSection
EndGlobal
